
Microsoft Visual Studio Solution File, Format Version 12.00
# Visual Studio Version 16
VisualStudioVersion = 16.0.29613.14
MinimumVisualStudioVersion = 10.0.40219.1
Project("{E24C65DC-7377-472B-9ABA-BC803B73C61A}") = "ZTech_Git", ".", "{839635F2-84FC-45CE-97E6-76086BFAE825}"
	ProjectSection(WebsiteProperties) = preProject
		TargetFrameworkMoniker = ".NETFramework,Version%3Dv4.5"
		Debug.AspNetCompiler.VirtualPath = "/localhost_4313"
		Debug.AspNetCompiler.PhysicalPath = "..\ZTech_Git\"
		Debug.AspNetCompiler.TargetPath = "PrecompiledWeb\localhost_4313\"
		Debug.AspNetCompiler.Updateable = "true"
		Debug.AspNetCompiler.ForceOverwrite = "true"
		Debug.AspNetCompiler.FixedNames = "false"
		Debug.AspNetCompiler.Debug = "True"
		Release.AspNetCompiler.VirtualPath = "/localhost_4313"
		Release.AspNetCompiler.PhysicalPath = "..\ZTech_Git\"
		Release.AspNetCompiler.TargetPath = "PrecompiledWeb\localhost_4313\"
		Release.AspNetCompiler.Updateable = "true"
		Release.AspNetCompiler.ForceOverwrite = "true"
		Release.AspNetCompiler.FixedNames = "false"
		Release.AspNetCompiler.Debug = "False"
		VWDPort = "4313"
		SlnRelativePath = "..\ZTech_Git\"
		DefaultWebSiteLanguage = "Visual C#"
	EndProjectSection
EndProject
Global
	GlobalSection(SolutionConfigurationPlatforms) = preSolution
		Debug|Any CPU = Debug|Any CPU
	EndGlobalSection
	GlobalSection(ProjectConfigurationPlatforms) = postSolution
		{839635F2-84FC-45CE-97E6-76086BFAE825}.Debug|Any CPU.ActiveCfg = Debug|Any CPU
		{839635F2-84FC-45CE-97E6-76086BFAE825}.Debug|Any CPU.Build.0 = Debug|Any CPU
	EndGlobalSection
	GlobalSection(SolutionProperties) = preSolution
		HideSolutionNode = FALSE
	EndGlobalSection
	GlobalSection(ExtensibilityGlobals) = postSolution
		SolutionGuid = {7CDB70F1-653C-4283-B59C-C89DA5E52E6D}
	EndGlobalSection
EndGlobal
